
Microsoft Visual Studio Solution File, Format Version 12.00
# Visual Studio Version 17
VisualStudioVersion = 17.9.34902.65
MinimumVisualStudioVersion = 10.0.40219.1
Project("{FAE04EC0-301F-11D3-BF4B-00C04F79EFBC}") = "TCP_MultipleClient", "TCP_MultipleClient\TCP_MultipleClient.csproj", "{31F31DCA-137F-4D65-AC40-A69D37F4D541}"
EndProject
Global
	GlobalSection(SolutionConfigurationPlatforms) = preSolution
		Debug|Any CPU = Debug|Any CPU
		Release|Any CPU = Release|Any CPU
	EndGlobalSection
	GlobalSection(ProjectConfigurationPlatforms) = postSolution
		{31F31DCA-137F-4D65-AC40-A69D37F4D541}.Debug|Any CPU.ActiveCfg = Debug|Any CPU
		{31F31DCA-137F-4D65-AC40-A69D37F4D541}.Debug|Any CPU.Build.0 = Debug|Any CPU
		{31F31DCA-137F-4D65-AC40-A69D37F4D541}.Release|Any CPU.ActiveCfg = Release|Any CPU
		{31F31DCA-137F-4D65-AC40-A69D37F4D541}.Release|Any CPU.Build.0 = Release|Any CPU
	EndGlobalSection
	GlobalSection(SolutionProperties) = preSolution
		HideSolutionNode = FALSE
	EndGlobalSection
	GlobalSection(ExtensibilityGlobals) = postSolution
		SolutionGuid = {41B51017-E134-4162-A68D-6A6987ACBEB4}
	EndGlobalSection
EndGlobal
